{
  "lockfileVersion": 3,
  "requires": true,
  "packages": {
    "": {
      "dependencies": {
        "osu-classes": "3.1.0",
        "osu-parser": "0.3.3",
        "osu-parsers": "4.1.7"
      }
    },
    "node_modules/@types/node": {
      "version": "20.19.43",
      "resolved": "https://registry.npmjs.org/@types/node/-/node-20.19.43.tgz",
      "integrity": "sha512-6oYBAi5ikg4Pl+kGsoYtawUMBT2zZMCvPNF7pVLnHZfd1zf38DRiWn/gT01RYCdUqkv7Fhr+C9ot4/tb+2sVvA==",
      "license": "MIT",
      "dependencies": {
        "undici-types": "~6.21.0"
      }
    },
    "node_modules/lzma-js-simple-v2": {
      "version": "1.2.3",
      "resolved": "https://registry.npmjs.org/lzma-js-simple-v2/-/lzma-js-simple-v2-1.2.3.tgz",
      "integrity": "sha512-6kgy86Q3YLolV6dOwCqdQXg3V07e3XJJ6wqfrN8/s65mvCfqkr+jMJkfiSZNvk+u2ig+G8rLdtaoW/g1oJiwow==",
      "license": "MIT",
      "dependencies": {
        "@types/node": "^20.12.7"
      }
    },
    "node_modules/osu-classes": {
      "version": "3.1.0",
      "resolved": "https://registry.npmjs.org/osu-classes/-/osu-classes-3.1.0.tgz",
      "integrity": "sha512-kz38FWMGnz5lr6ofovUrNaDAcs1gNpwlDc1qHjW86ILQZXG44w/+NflV7EyFomkI05XCADGfltE4FVoPwrkrmg==",
      "license": "MIT"
    },
    "node_modules/osu-parser": {
      "version": "0.3.3",
      "resolved": "https://registry.npmjs.org/osu-parser/-/osu-parser-0.3.3.tgz",
      "integrity": "sha512-XMNV0He6W3PEQQrrohIHT4tikFq4soDBEPr0fcR/74ivr8l+7nH7of/VPI/iu6g9JtiuXZ6fp3muQOh07AwdfA==",
      "license": "MIT"
    },
    "node_modules/osu-parsers": {
      "version": "4.1.7",
      "resolved": "https://registry.npmjs.org/osu-parsers/-/osu-parsers-4.1.7.tgz",
      "integrity": "sha512-b8aYJy9vK0Yk8zVbxVN+HSChGnXufSxePb3gABG8s5YGCY+31CKJTUHDAVRST0kX4lyeI4Z3iRxsCRftHFHEug==",
      "license": "MIT",
      "dependencies": {
        "lzma-js-simple-v2": "^1.2.3"
      },
      "peerDependencies": {
        "osu-classes": "^3.1.0"
      }
    },
    "node_modules/undici-types": {
      "version": "6.21.0",
      "resolved": "https://registry.npmjs.org/undici-types/-/undici-types-6.21.0.tgz",
      "integrity": "sha512-iwDZqg0QAGrg9Rav5H4n0M64c3mkR59cJ6wQp+7C4nI0gsmExaedaYLNO44eT4AtBBwjbTiGPMlt2Md0T9H9JQ==",
      "license": "MIT"
    }
  }
}
